// !$*UTF8*$!
{
	archiveVersion = 1;
	classes = {
	};
	objectVersion = 50;
	objects = {

/* Begin PBXBuildFile section */
		B3693DF5252114B7007A7878 /* multiplication_tableApp.swift in Sources */ = {isa = PBXBuildFile; fileRef = B3693DF4252114B7007A7878 /* multiplication_tableApp.swift */; };
		B3693DF7252114B7007A7878 /* ContentView.swift in Sources */ = {isa = PBXBuildFile; fileRef = B3693DF6252114B7007A7878 /* ContentView.swift */; };
		B3693DF9252114BA007A7878 /* Assets.xcassets in Resources */ = {isa = PBXBuildFile; fileRef = B3693DF8252114BA007A7878 /* Assets.xcassets */; };
		B3693DFC252114BA007A7878 /* Preview Assets.xcassets in Resources */ = {isa = PBXBuildFile; fileRef = B3693DFB252114BA007A7878 /* Preview Assets.xcassets */; };
		B3F4350725215EA1002ABFA0 /* Question.swift in Sources */ = {isa = PBXBuildFile; fileRef = B3F4350625215EA1002ABFA0 /* Question.swift */; };
/* End PBXBuildFile section */

/* Begin PBXFileReference section */
		B3693DF1252114B7007A7878 /* multiplication-table.app */ = {isa = PBXFileReference; explicitFileType = wrapper.application; includeInIndex = 0; path = "multiplication-table.app"; sourceTree = BUILT_PRODUCTS_DIR; };
		B3693DF4252114B7007A7878 /* multiplication_tableApp.swift */ = {isa = PBXFileReference; lastKnownFileType = sourcecode.swift; path = multiplication_tableApp.swift; sourceTree = "<group>"; };
		B3693DF6252114B7007A7878 /* ContentView.swift */ = {isa = PBXFileReference; lastKnownFileType = sourcecode.swift; path = ContentView.swift; sourceTree = "<group>"; };
		B3693DF8252114BA007A7878 /* Assets.xcassets */ = {isa = PBXFileReference; lastKnownFileType = folder.assetcatalog; path = Assets.xcassets; sourceTree = "<group>"; };
		B3693DFB252114BA007A7878 /* Preview Assets.xcassets */ = {isa = PBXFileReference; lastKnownFileType = folder.assetcatalog; path = "Preview Assets.xcassets"; sourceTree = "<group>"; };
		B3693DFD252114BA007A7878 /* Info.plist */ = {isa = PBXFileReference; lastKnownFileType = text.plist.xml; path = Info.plist; sourceTree = "<group>"; };
		B3F4350625215EA1002ABFA0 /* Question.swift */ = {isa = PBXFileReference; lastKnownFileType = sourcecode.swift; path = Question.swift; sourceTree = "<group>"; };
/* End PBXFileReference section */

/* Begin PBXFrameworksBuildPhase section */
		B3693DEE252114B7007A7878 /* Frameworks */ = {
			isa = PBXFrameworksBuildPhase;
			buildActionMask = 2147483647;
			files = (
			);
			runOnlyForDeploymentPostprocessing = 0;
		};
/* End PBXFrameworksBuildPhase section */

/* Begin PBXGroup section */
		B3693DE8252114B7007A7878 = {
			isa = PBXGroup;
			children = (
				B3693DF3252114B7007A7878 /* multiplication-table */,
				B3693DF2252114B7007A7878 /* Products */,
			);
			sourceTree = "<group>";
		};
		B3693DF2252114B7007A7878 /* Products */ = {
			isa = PBXGroup;
			children = (
				B3693DF1252114B7007A7878 /* multiplication-table.app */,
			);
			name = Products;
			sourceTree = "<group>";
		};
		B3693DF3252114B7007A7878 /* multiplication-table */ = {
			isa = PBXGroup;
			children = (
				B3F4350525215E92002ABFA0 /* Model */,
				B3693DF4252114B7007A7878 /* multiplication_tableApp.swift */,
				B3693DF6252114B7007A7878 /* ContentView.swift */,
				B3693DF8252114BA007A7878 /* Assets.xcassets */,
				B3693DFD252114BA007A7878 /* Info.plist */,
				B3693DFA252114BA007A7878 /* Preview Content */,
			);
			path = "multiplication-table";
			sourceTree = "<group>";
		};
		B3693DFA252114BA007A7878 /* Preview Content */ = {
			isa = PBXGroup;
			children = (
				B3693DFB252114BA007A7878 /* Preview Assets.xcassets */,
			);
			path = "Preview Content";
			sourceTree = "<group>";
		};
		B3F4350525215E92002ABFA0 /* Model */ = {
			isa = PBXGroup;
			children = (
				B3F4350625215EA1002ABFA0 /* Question.swift */,
			);
			path = Model;
			sourceTree = "<group>";
		};
/* End PBXGroup section */

/* Begin PBXNativeTarget section */
		B3693DF0252114B7007A7878 /* multiplication-table */ = {
			isa = PBXNativeTarget;
			buildConfigurationList = B3693E00252114BA007A7878 /* Build configuration list for PBXNativeTarget "multiplication-table" */;
			buildPhases = (
				B3693DED252114B7007A7878 /* Sources */,
				B3693DEE252114B7007A7878 /* Frameworks */,
				B3693DEF252114B7007A7878 /* Resources */,
			);
			buildRules = (
			);
			dependencies = (
			);
			name = "multiplication-table";
			productName = "multiplication-table";
			productReference = B3693DF1252114B7007A7878 /* multiplication-table.app */;
			productType = "com.apple.product-type.application";
		};
/* End PBXNativeTarget section */

/* Begin PBXProject section */
		B3693DE9252114B7007A7878 /* Project object */ = {
			isa = PBXProject;
			attributes = {
				LastSwiftUpdateCheck = 1200;
				LastUpgradeCheck = 1200;
				TargetAttributes = {
					B3693DF0252114B7007A7878 = {
						CreatedOnToolsVersion = 12.0;
					};
				};
			};
			buildConfigurationList = B3693DEC252114B7007A7878 /* Build configuration list for PBXProject "multiplication-table" */;
			compatibilityVersion = "Xcode 9.3";
			developmentRegion = en;
			hasScannedForEncodings = 0;
			knownRegions = (
				en,
				Base,
			);
			mainGroup = B3693DE8252114B7007A7878;
			productRefGroup = B3693DF2252114B7007A7878 /* Products */;
			projectDirPath = "";
			projectRoot = "";
			targets = (
				B3693DF0252114B7007A7878 /* multiplication-table */,
			);
		};
/* End PBXProject section */

/* Begin PBXResourcesBuildPhase section */
		B3693DEF252114B7007A7878 /* Resources */ = {
			isa = PBXResourcesBuildPhase;
			buildActionMask = 2147483647;
			files = (
				B3693DFC252114BA007A7878 /* Preview Assets.xcassets in Resources */,
				B3693DF9252114BA007A7878 /* Assets.xcassets in Resources */,
			);
			runOnlyForDeploymentPostprocessing = 0;
		};
/* End PBXResourcesBuildPhase section */

/* Begin PBXSourcesBuildPhase section */
		B3693DED252114B7007A7878 /* Sources */ = {
			isa = PBXSourcesBuildPhase;
			buildActionMask = 2147483647;
			files = (
				B3F4350725215EA1002ABFA0 /* Question.swift in Sources */,
				B3693DF7252114B7007A7878 /* ContentView.swift in Sources */,
				B3693DF5252114B7007A7878 /* multiplication_tableApp.swift in Sources */,
			);
			runOnlyForDeploymentPostprocessing = 0;
		};
/* End PBXSourcesBuildPhase section */

/* Begin XCBuildConfiguration section */
		B3693DFE252114BA007A7878 /* Debug */ = {
			isa = XCBuildConfiguration;
			buildSettings = {
				ALWAYS_SEARCH_USER_PATHS = NO;
				CLANG_ANALYZER_NONNULL = YES;
				CLANG_ANALYZER_NUMBER_OBJECT_CONVERSION = YES_AGGRESSIVE;
				CLANG_CXX_LANGUAGE_STANDARD = "gnu++14";
				CLANG_CXX_LIBRARY = "libc++";
				CLANG_ENABLE_MODULES = YES;
				CLANG_ENABLE_OBJC_ARC = YES;
				CLANG_ENABLE_OBJC_WEAK = YES;
				CLANG_WARN_BLOCK_CAPTURE_AUTORELEASING = YES;
				CLANG_WARN_BOOL_CONVERSION = YES;
				CLANG_WARN_COMMA = YES;
				CLANG_WARN_CONSTANT_CONVERSION = YES;
				CLANG_WARN_DEPRECATED_OBJC_IMPLEMENTATIONS = YES;
				CLANG_WARN_DIRECT_OBJC_ISA_USAGE = YES_ERROR;
				CLANG_WARN_DOCUMENTATION_COMMENTS = YES;
				CLANG_WARN_EMPTY_BODY = YES;
				CLANG_WARN_ENUM_CONVERSION = YES;
				CLANG_WARN_INFINITE_RECURSION = YES;
				CLANG_WARN_INT_CONVERSION = YES;
				CLANG_WARN_NON_LITERAL_NULL_CONVERSION = YES;
				CLANG_WARN_OBJC_IMPLICIT_RETAIN_SELF = YES;
				CLANG_WARN_OBJC_LITERAL_CONVERSION = YES;
				CLANG_WARN_OBJC_ROOT_CLASS = YES_ERROR;
				CLANG_WARN_QUOTED_INCLUDE_IN_FRAMEWORK_HEADER = YES;
				CLANG_WARN_RANGE_LOOP_ANALYSIS = YES;
				CLANG_WARN_STRICT_PROTOTYPES = YES;
				CLANG_WARN_SUSPICIOUS_MOVE = YES;
				CLANG_WARN_UNGUARDED_AVAILABILITY = YES_AGGRESSIVE;
				CLANG_WARN_UNREACHABLE_CODE = YES;
				CLANG_WARN__DUPLICATE_METHOD_MATCH = YES;
				COPY_PHASE_STRIP = NO;
				DEBUG_INFORMATION_FORMAT = dwarf;
				ENABLE_STRICT_OBJC_MSGSEND = YES;
				ENABLE_TESTABILITY = YES;
				GCC_C_LANGUAGE_STANDARD = gnu11;
				GCC_DYNAMIC_NO_PIC = NO;
				GCC_NO_COMMON_BLOCKS = YES;
				GCC_OPTIMIZATION_LEVEL = 0;
				GCC_PREPROCESSOR_DEFINITIONS = (
					"DEBUG=1",
					"$(inherited)",
				);
				GCC_WARN_64_TO_32_BIT_CONVERSION = YES;
				GCC_WARN_ABOUT_RETURN_TYPE = YES_ERROR;
				GCC_WARN_UNDECLARED_SELECTOR = YES;
				GCC_WARN_UNINITIALIZED_AUTOS = YES_AGGRESSIVE;
				GCC_WARN_UNUSED_FUNCTION = YES;
				GCC_WARN_UNUSED_VARIABLE = YES;
				IPHONEOS_DEPLOYMENT_TARGET = 14.0;
				MTL_ENABLE_DEBUG_INFO = INCLUDE_SOURCE;
				MTL_FAST_MATH = YES;
				ONLY_ACTIVE_ARCH = YES;
				SDKROOT = iphoneos;
				SWIFT_ACTIVE_COMPILATION_CONDITIONS = DEBUG;
				SWIFT_OPTIMIZATION_LEVEL = "-Onone";
			};
			name = Debug;
		};
		B3693DFF252114BA007A7878 /* Release */ = {
			isa = XCBuildConfiguration;
			buildSettings = {
				ALWAYS_SEARCH_USER_PATHS = NO;
				CLANG_ANALYZER_NONNULL = YES;
				CLANG_ANALYZER_NUMBER_OBJECT_CONVERSION = YES_AGGRESSIVE;
				CLANG_CXX_LANGUAGE_STANDARD = "gnu++14";
				CLANG_CXX_LIBRARY = "libc++";
				CLANG_ENABLE_MODULES = YES;
				CLANG_ENABLE_OBJC_ARC = YES;
				CLANG_ENABLE_OBJC_WEAK = YES;
				CLANG_WARN_BLOCK_CAPTURE_AUTORELEASING = YES;
				CLANG_WARN_BOOL_CONVERSION = YES;
				CLANG_WARN_COMMA = YES;
				CLANG_WARN_CONSTANT_CONVERSION = YES;
				CLANG_WARN_DEPRECATED_OBJC_IMPLEMENTATIONS = YES;
				CLANG_WARN_DIRECT_OBJC_ISA_USAGE = YES_ERROR;
				CLANG_WARN_DOCUMENTATION_COMMENTS = YES;
				CLANG_WARN_EMPTY_BODY = YES;
				CLANG_WARN_ENUM_CONVERSION = YES;
				CLANG_WARN_INFINITE_RECURSION = YES;
				CLANG_WARN_INT_CONVERSION = YES;
				CLANG_WARN_NON_LITERAL_NULL_CONVERSION = YES;
				CLANG_WARN_OBJC_IMPLICIT_RETAIN_SELF = YES;
				CLANG_WARN_OBJC_LITERAL_CONVERSION = YES;
				CLANG_WARN_OBJC_ROOT_CLASS = YES_ERROR;
				CLANG_WARN_QUOTED_INCLUDE_IN_FRAMEWORK_HEADER = YES;
				CLANG_WARN_RANGE_LOOP_ANALYSIS = YES;
				CLANG_WARN_STRICT_PROTOTYPES = YES;
				CLANG_WARN_SUSPICIOUS_MOVE = YES;
				CLANG_WARN_UNGUARDED_AVAILABILITY = YES_AGGRESSIVE;
				CLANG_WARN_UNREACHABLE_CODE = YES;
				CLANG_WARN__DUPLICATE_METHOD_MATCH = YES;
				COPY_PHASE_STRIP = NO;
				DEBUG_INFORMATION_FORMAT = "dwarf-with-dsym";
				ENABLE_NS_ASSERTIONS = NO;
				ENABLE_STRICT_OBJC_MSGSEND = YES;
				GCC_C_LANGUAGE_STANDARD = gnu11;
				GCC_NO_COMMON_BLOCKS = YES;
				GCC_WARN_64_TO_32_BIT_CONVERSION = YES;
				GCC_WARN_ABOUT_RETURN_TYPE = YES_ERROR;
				GCC_WARN_UNDECLARED_SELECTOR = YES;
				GCC_WARN_UNINITIALIZED_AUTOS = YES_AGGRESSIVE;
				GCC_WARN_UNUSED_FUNCTION = YES;
				GCC_WARN_UNUSED_VARIABLE = YES;
				IPHONEOS_DEPLOYMENT_TARGET = 14.0;
				MTL_ENABLE_DEBUG_INFO = NO;
				MTL_FAST_MATH = YES;
				SDKROOT = iphoneos;
				SWIFT_COMPILATION_MODE = wholemodule;
				SWIFT_OPTIMIZATION_LEVEL = "-O";
				VALIDATE_PRODUCT = YES;
			};
			name = Release;
		};
		B3693E01252114BA007A7878 /* Debug */ = {
			isa = XCBuildConfiguration;
			buildSettings = {
				ASSETCATALOG_COMPILER_APPICON_NAME = AppIcon;
				ASSETCATALOG_COMPILER_GLOBAL_ACCENT_COLOR_NAME = AccentColor;
				CODE_SIGN_STYLE = Automatic;
				DEVELOPMENT_ASSET_PATHS = "\"multiplication-table/Preview Content\"";
				DEVELOPMENT_TEAM = X74VG8LAZG;
				ENABLE_PREVIEWS = YES;
				INFOPLIST_FILE = "multiplication-table/Info.plist";
				IPHONEOS_DEPLOYMENT_TARGET = 14.0;
				LD_RUNPATH_SEARCH_PATHS = (
					"$(inherited)",
					"@executable_path/Frameworks",
				);
				PRODUCT_BUNDLE_IDENTIFIER = "com.pamela.ianovalli.multiplication-table";
				PRODUCT_NAME = "$(TARGET_NAME)";
				SWIFT_VERSION = 5.0;
				TARGETED_DEVICE_FAMILY = "1,2";
			};
			name = Debug;
		};
		B3693E02252114BA007A7878 /* Release */ = {
			isa = XCBuildConfiguration;
			buildSettings = {
				ASSETCATALOG_COMPILER_APPICON_NAME = AppIcon;
				ASSETCATALOG_COMPILER_GLOBAL_ACCENT_COLOR_NAME = AccentColor;
				CODE_SIGN_STYLE = Automatic;
				DEVELOPMENT_ASSET_PATHS = "\"multiplication-table/Preview Content\"";
				DEVELOPMENT_TEAM = X74VG8LAZG;
				ENABLE_PREVIEWS = YES;
				INFOPLIST_FILE = "multiplication-table/Info.plist";
				IPHONEOS_DEPLOYMENT_TARGET = 14.0;
				LD_RUNPATH_SEARCH_PATHS = (
					"$(inherited)",
					"@executable_path/Frameworks",
				);
				PRODUCT_BUNDLE_IDENTIFIER = "com.pamela.ianovalli.multiplication-table";
				PRODUCT_NAME = "$(TARGET_NAME)";
				SWIFT_VERSION = 5.0;
				TARGETED_DEVICE_FAMILY = "1,2";
			};
			name = Release;
		};
/* End XCBuildConfiguration section */

/* Begin XCConfigurationList section */
		B3693DEC252114B7007A7878 /* Build configuration list for PBXProject "multiplication-table" */ = {
			isa = XCConfigurationList;
			buildConfigurations = (
				B3693DFE252114BA007A7878 /* Debug */,
				B3693DFF252114BA007A7878 /* Release */,
			);
			defaultConfigurationIsVisible = 0;
			defaultConfigurationName = Release;
		};
		B3693E00252114BA007A7878 /* Build configuration list for PBXNativeTarget "multiplication-table" */ = {
			isa = XCConfigurationList;
			buildConfigurations = (
				B3693E01252114BA007A7878 /* Debug */,
				B3693E02252114BA007A7878 /* Release */,
			);
			defaultConfigurationIsVisible = 0;
			defaultConfigurationName = Release;
		};
/* End XCConfigurationList section */
	};
	rootObject = B3693DE9252114B7007A7878 /* Project object */;
}
